{
  "name": "Captions_Stack_Generator",
  "lockfileVersion": 3,
  "requires": true,
  "packages": {
    "": {
      "dependencies": {
        "chrome-types": "^0.1.270"
      }
    },
    "node_modules/chrome-types": {
      "version": "0.1.270",
      "resolved": "https://registry.npmjs.org/chrome-types/-/chrome-types-0.1.270.tgz",
      "integrity": "sha512-N9NUF01Nz2+5WjRJsUKrz7BOo9rLDBbu6FOgyBH7uj20XAI751JxLzP8/dF6RWgUcSYj4+h3R1/6CVGTt7d2Ug=="
    }
  }
}
